
Microsoft Visual Studio Solution File, Format Version 12.00
# Visual Studio Version 16
VisualStudioVersion = 16.0.30002.166
MinimumVisualStudioVersion = 10.0.40219.1
Project("{FAE04EC0-301F-11D3-BF4B-00C04F79EFBC}") = "ResidentExecutor", "ResidentExecutor\ResidentExecutor.csproj", "{AC17A597-C475-4180-8726-340FF48F44F6}"
EndProject
Project("{FAE04EC0-301F-11D3-BF4B-00C04F79EFBC}") = "ResidentExecutorTests", "ResidentExecutorTests\ResidentExecutorTests.csproj", "{6B2D6184-A4D6-4304-80C4-14B7B6537ECC}"
EndProject
Global
	GlobalSection(SolutionConfigurationPlatforms) = preSolution
		Debug|Any CPU = Debug|Any CPU
		Release|Any CPU = Release|Any CPU
	EndGlobalSection
	GlobalSection(ProjectConfigurationPlatforms) = postSolution
		{AC17A597-C475-4180-8726-340FF48F44F6}.Debug|Any CPU.ActiveCfg = Debug|Any CPU
		{AC17A597-C475-4180-8726-340FF48F44F6}.Debug|Any CPU.Build.0 = Debug|Any CPU
		{AC17A597-C475-4180-8726-340FF48F44F6}.Release|Any CPU.ActiveCfg = Release|Any CPU
		{AC17A597-C475-4180-8726-340FF48F44F6}.Release|Any CPU.Build.0 = Release|Any CPU
		{6B2D6184-A4D6-4304-80C4-14B7B6537ECC}.Debug|Any CPU.ActiveCfg = Debug|Any CPU
		{6B2D6184-A4D6-4304-80C4-14B7B6537ECC}.Debug|Any CPU.Build.0 = Debug|Any CPU
		{6B2D6184-A4D6-4304-80C4-14B7B6537ECC}.Release|Any CPU.ActiveCfg = Release|Any CPU
		{6B2D6184-A4D6-4304-80C4-14B7B6537ECC}.Release|Any CPU.Build.0 = Release|Any CPU
	EndGlobalSection
	GlobalSection(SolutionProperties) = preSolution
		HideSolutionNode = FALSE
	EndGlobalSection
	GlobalSection(ExtensibilityGlobals) = postSolution
		SolutionGuid = {10E6101D-59D2-442B-B9BB-A711D0BA897F}
	EndGlobalSection
EndGlobal
